{
  "nodes": {
    "anthropics-skills": {
      "flake": false,
      "locked": {
        "lastModified": 1790266835,
        "narHash": "sha256-xUs7UX8pOcZwR0okaSbI/f8EE5F4Zi/BUd+nIZNafPc=",
        "owner": "anthropics",
        "repo": "skills",
        "rev": "33375500bcea98d610eb30ce10ac4e59b89c390d",
        "type": "github"
      },
      "original": {
        "owner": "anthropics",
        "repo": "skills",
        "type": "github"
      }
    },
    "dbosk-skills": {
      "flake": false,
      "locked": {
        "lastModified": 1789979142,
        "narHash": "sha256-JjLM54sFkYu2tZXd/lXUoDGLOJSovb6qtkJ8FmPkhH8=",
        "owner": "dbosk",
        "repo": "claude-skills",
        "rev": "59971ce8dc0bd14486218e4bc5af3ec3359a8593",
        "type": "github"
      },
      "original": {
        "owner": "dbosk",
        "repo": "claude-skills",
        "type": "github"
      }
    },
    "hermes-agent": {
      "flake": false,
      "locked": {
        "lastModified": 1790518828,
        "narHash": "sha256-ioUpWv1T+cJw6yZazcjmQQlHZSWxXZmQWUFJ7lWTe5Y=",
        "owner": "NousResearch",
        "repo": "hermes-agent",
        "rev": "8c9fe964009096e46f44292d036c1e0ac33c3026",
        "type": "github"
      },
      "original": {
        "owner": "NousResearch",
        "repo": "hermes-agent",
        "type": "github"
      }
    },
    "nixos-skill": {
      "flake": false,
      "locked": {
        "lastModified": 1790490245,
        "narHash": "sha256-ICCLiABClSLved/kP/2gl+MiBf14WqSt81i2xsb2gnQ=",
        "owner": "marceloeatworld",
        "repo": "nixos-ai-skill",
        "rev": "0c4c714ae878faf8eabc22b8b48e20fd24955cea",
        "type": "github"
      },
      "original": {
        "owner": "marceloeatworld",
        "repo": "nixos-ai-skill",
        "type": "github"
      }
    },
    "nixpkgs": {
      "locked": {
        "lastModified": 1787736819,
        "narHash": "sha256-cV5xEJJK3BvhU8rEd4mC9UsmDi5qscv/kzGPhBRC5WA=",
        "owner": "NixOS",
        "repo": "nixpkgs",
        "rev": "9fbb54b33e91ee4ca368e35a78e0613c720600b3",
        "type": "github"
      },
      "original": {
        "owner": "NixOS",
        "ref": "nixos-unstable",
        "repo": "nixpkgs",
        "type": "github"
      }
    },
    "paper2agent": {
      "flake": false,
      "locked": {
        "lastModified": 1789664167,
        "narHash": "sha256-/OVIznQhNicCbbIlal5F5xwtm3lv4E9t7UYCIB0vK2c=",
        "owner": "jmiao24",
        "repo": "Paper2Agent",
        "rev": "8c2d059165ef8cdcb70dbea76655b9c2b55b38e6",
        "type": "github"
      },
      "original": {
        "owner": "jmiao24",
        "repo": "Paper2Agent",
        "type": "github"
      }
    },
    "qt-agent-skills": {
      "flake": false,
      "locked": {
        "lastModified": 1783603773,
        "narHash": "sha256-YHWVYn3m2dYV/brBlYn6nuxVV810+B4geKqfwiJuOHU=",
        "owner": "TheQtCompanyRnD",
        "repo": "agent-skills",
        "rev": "71d6c10da78b9a764468ae11c86ab3bc4ca4921f",
        "type": "github"
      },
      "original": {
        "owner": "TheQtCompanyRnD",
        "repo": "agent-skills",
        "type": "github"
      }
    },
    "root": {
      "inputs": {
        "anthropics-skills": "anthropics-skills",
        "dbosk-skills": "dbosk-skills",
        "hermes-agent": "hermes-agent",
        "nixos-skill": "nixos-skill",
        "nixpkgs": "nixpkgs",
        "paper2agent": "paper2agent",
        "qt-agent-skills": "qt-agent-skills",
        "superpowers": "superpowers",
        "vercel-skills": "vercel-skills",
        "wshobson-agents": "wshobson-agents"
      }
    },
    "superpowers": {
      "flake": false,
      "locked": {
        "lastModified": 1790359587,
        "narHash": "sha256-BWPiXoXV+jePP+wn/Z+Af4iehIL7oei00plaWaTzq8s=",
        "owner": "obra",
        "repo": "superpowers",
        "rev": "8ca22dba9a94f28898bbce59f2537ff4d87c747d",
        "type": "github"
      },
      "original": {
        "owner": "obra",
        "repo": "superpowers",
        "type": "github"
      }
    },
    "vercel-skills": {
      "flake": false,
      "locked": {
        "lastModified": 1789657217,
        "narHash": "sha256-/B2el3+KYXohGCM4JaHl2EUx1c6mlYdUNrWiE0z/7lA=",
        "owner": "vercel-labs",
        "repo": "skills",
        "rev": "7407f3893ad4dceab546ac002c3ef806e4000c73",
        "type": "github"
      },
      "original": {
        "owner": "vercel-labs",
        "repo": "skills",
        "type": "github"
      }
    },
    "wshobson-agents": {
      "flake": false,
      "locked": {
        "lastModified": 1790452455,
        "narHash": "sha256-8h5zbwUAujgruqYZLErWewRX2bmJ5MvkhDqe3J4viNI=",
        "owner": "wshobson",
        "repo": "agents",
        "rev": "9b15b34b0bfc13a815cbfc2366e14ea549e09422",
        "type": "github"
      },
      "original": {
        "owner": "wshobson",
        "repo": "agents",
        "type": "github"
      }
    }
  },
  "root": "root",
  "version": 7
}
